
Microsoft Visual Studio Solution File, Format Version 12.00
# Visual Studio Version 16
VisualStudioVersion = 16.0.29215.179
MinimumVisualStudioVersion = 10.0.40219.1
Project("{FAE04EC0-301F-11D3-BF4B-00C04F79EFBC}") = "GroupProjecto", "GroupProjecto\GroupProjecto.csproj", "{5C8E5694-B1EA-465A-8108-DD10C060DD43}"
EndProject
Project("{FAE04EC0-301F-11D3-BF4B-00C04F79EFBC}") = "Presentation", "Presentation\Presentation.csproj", "{5046B30D-AB97-487D-AEC9-A92872E9E4C1}"
EndProject
Global
	GlobalSection(SolutionConfigurationPlatforms) = preSolution
		Debug|Any CPU = Debug|Any CPU
		Release|Any CPU = Release|Any CPU
	EndGlobalSection
	GlobalSection(ProjectConfigurationPlatforms) = postSolution
		{5C8E5694-B1EA-465A-8108-DD10C060DD43}.Debug|Any CPU.ActiveCfg = Debug|Any CPU
		{5C8E5694-B1EA-465A-8108-DD10C060DD43}.Debug|Any CPU.Build.0 = Debug|Any CPU
		{5C8E5694-B1EA-465A-8108-DD10C060DD43}.Release|Any CPU.ActiveCfg = Release|Any CPU
		{5C8E5694-B1EA-465A-8108-DD10C060DD43}.Release|Any CPU.Build.0 = Release|Any CPU
		{5046B30D-AB97-487D-AEC9-A92872E9E4C1}.Debug|Any CPU.ActiveCfg = Debug|Any CPU
		{5046B30D-AB97-487D-AEC9-A92872E9E4C1}.Debug|Any CPU.Build.0 = Debug|Any CPU
		{5046B30D-AB97-487D-AEC9-A92872E9E4C1}.Release|Any CPU.ActiveCfg = Release|Any CPU
		{5046B30D-AB97-487D-AEC9-A92872E9E4C1}.Release|Any CPU.Build.0 = Release|Any CPU
	EndGlobalSection
	GlobalSection(SolutionProperties) = preSolution
		HideSolutionNode = FALSE
	EndGlobalSection
	GlobalSection(ExtensibilityGlobals) = postSolution
		SolutionGuid = {D6BAA5B5-2B9B-495B-A121-2D70E5A6DF8B}
	EndGlobalSection
EndGlobal
